<?xml version="1.0" encoding="utf-8"?>
<Project ToolsVersion="4.0" xmlns="http://schemas.microsoft.com/developer/msbuild/2003">
  <ItemGroup>
    <Filter Include="01Engine">
      <UniqueIdentifier>{e5fccdcb-f299-4448-bdb6-01fa28039576}</UniqueIdentifier>
    </Filter>
    <Filter Include="01Engine\Collider">
      <UniqueIdentifier>{7f19ecfb-5d70-4d31-a1f7-c9dd14bad324}</UniqueIdentifier>
    </Filter>
    <Filter Include="01Engine\DirectX">
      <UniqueIdentifier>{e56f8c9a-95a5-4ceb-b65f-5b8e572d087b}</UniqueIdentifier>
    </Filter>
    <Filter Include="01Engine\GameObject">
      <UniqueIdentifier>{b450e438-c939-4b05-b319-0e3c0b4a335c}</UniqueIdentifier>
    </Filter>
    <Filter Include="01Engine\ResourceManager">
      <UniqueIdentifier>{bedee914-5063-4c08-95bb-79c861b4969c}</UniqueIdentifier>
    </Filter>
    <Filter Include="02Shader">
      <UniqueIdentifier>{47a6a3f5-8cfd-436b-8d58-beccd108f3f3}</UniqueIdentifier>
      <Extensions>hlsl</Extensions>
    </Filter>
    <Filter Include="03Scene">
      <UniqueIdentifier>{e6e06766-fe3e-4bb9-8931-f75931160e1d}</UniqueIdentifier>
    </Filter>
    <Filter Include="03Scene\01StartScene">
      <UniqueIdentifier>{e1010e37-5f8e-4a85-845b-469244c0f128}</UniqueIdentifier>
    </Filter>
    <Filter Include="03Scene\02MainGameScene">
      <UniqueIdentifier>{34932518-cce5-4300-be04-270f709200dd}</UniqueIdentifier>
    </Filter>
    <Filter Include="03Scene\03GameClearScene">
      <UniqueIdentifier>{c77cba2a-c4bc-4b0a-acdc-dc944c9990b5}</UniqueIdentifier>
    </Filter>
    <Filter Include="03Scene\04GameOverScene">
      <UniqueIdentifier>{48cc014a-b3d3-4632-9260-111284d27458}</UniqueIdentifier>
    </Filter>
    <Filter Include="03Scene\05TestScene">
      <UniqueIdentifier>{19443680-256d-4e09-bcb7-b593a50ba45c}</UniqueIdentifier>
    </Filter>
    <Filter Include="03Scene\02MainGameScene\Enemy">
      <UniqueIdentifier>{173dbdcf-a4bc-42dc-8544-bea95f1890b0}</UniqueIdentifier>
    </Filter>
    <Filter Include="03Scene\02MainGameScene\Player">
      <UniqueIdentifier>{128cc9a7-28ba-476f-9926-e2b2b576a144}</UniqueIdentifier>
    </Filter>
    <Filter Include="03Scene\02MainGameScene\Scene">
      <UniqueIdentifier>{5ff2f182-7019-4534-8ce6-9d2429f8984e}</UniqueIdentifier>
    </Filter>
    <Filter Include="03Scene\02MainGameScene\Enemy\EnemyBody">
      <UniqueIdentifier>{90b5e212-3bb3-4e6f-b045-9e49095c8a13}</UniqueIdentifier>
    </Filter>
    <Filter Include="03Scene\02MainGameScene\Enemy\EnemyBullet">
      <UniqueIdentifier>{ecb5d525-0de4-4f55-bee8-3e0e998194cc}</UniqueIdentifier>
    </Filter>
    <Filter Include="03Scene\02MainGameScene\Enemy\EnemyHPBar">
      <UniqueIdentifier>{f4a46d1c-d1e4-4315-805c-4d5e95ecc378}</UniqueIdentifier>
    </Filter>
  </ItemGroup>
  <ItemGroup>
    <ClCompile Include="Engine\BoxCollider.cpp">
      <Filter>01Engine\Collider</Filter>
    </ClCompile>
    <ClCompile Include="Engine\Collider.cpp">
      <Filter>01Engine\Collider</Filter>
    </ClCompile>
    <ClCompile Include="Engine\SphereCollider.cpp">
      <Filter>01Engine\Collider</Filter>
    </ClCompile>
    <ClCompile Include="Engine\Direct3D.cpp">
      <Filter>01Engine\DirectX</Filter>
    </ClCompile>
    <ClCompile Include="Engine\Fbx.cpp">
      <Filter>01Engine\DirectX</Filter>
    </ClCompile>
    <ClCompile Include="Engine\FbxParts.cpp">
      <Filter>01Engine\DirectX</Filter>
    </ClCompile>
    <ClCompile Include="Engine\Input.cpp">
      <Filter>01Engine\DirectX</Filter>
    </ClCompile>
    <ClCompile Include="Engine\Sound.cpp">
      <Filter>01Engine\DirectX</Filter>
    </ClCompile>
    <ClCompile Include="Engine\Sprite.cpp">
      <Filter>01Engine\DirectX</Filter>
    </ClCompile>
    <ClCompile Include="Engine\Camera.cpp">
      <Filter>01Engine\GameObject</Filter>
    </ClCompile>
    <ClCompile Include="Engine\GameObject.cpp">
      <Filter>01Engine\GameObject</Filter>
    </ClCompile>
    <ClCompile Include="Engine\RootObject.cpp">
      <Filter>01Engine\GameObject</Filter>
    </ClCompile>
    <ClCompile Include="Engine\Audio.cpp">
      <Filter>01Engine\ResourceManager</Filter>
    </ClCompile>
    <ClCompile Include="Engine\CsvReader.cpp">
      <Filter>01Engine\ResourceManager</Filter>
    </ClCompile>
    <ClCompile Include="Engine\Image.cpp">
      <Filter>01Engine\ResourceManager</Filter>
    </ClCompile>
    <ClCompile Include="Engine\Model.cpp">
      <Filter>01Engine\ResourceManager</Filter>
    </ClCompile>
    <ClCompile Include="Engine\Main.cpp">
      <Filter>01Engine</Filter>
    </ClCompile>
    <ClCompile Include="Engine\SceneManager.cpp">
      <Filter>01Engine</Filter>
    </ClCompile>
    <ClCompile Include="Engine\Texture.cpp">
      <Filter>01Engine\DirectX</Filter>
    </ClCompile>
    <ClCompile Include="Engine\Transform.cpp">
      <Filter>01Engine\GameObject</Filter>
    </ClCompile>
    <ClCompile Include="Player.cpp">
      <Filter>03Scene\02MainGameScene\Player</Filter>
    </ClCompile>
    <ClCompile Include="PlayScene.cpp">
      <Filter>03Scene\02MainGameScene\Scene</Filter>
    </ClCompile>
    <ClCompile Include="PlBullet.cpp">
      <Filter>03Scene\02MainGameScene\Player</Filter>
    </ClCompile>
    <ClCompile Include="StartScene.cpp">
      <Filter>03Scene\01StartScene</Filter>
    </ClCompile>
    <ClCompile Include="ClearScene.cpp">
      <Filter>03Scene\03GameClearScene</Filter>
    </ClCompile>
    <ClCompile Include="GameOverScene.cpp">
      <Filter>03Scene\04GameOverScene</Filter>
    </ClCompile>
    <ClCompile Include="TestScene.cpp">
      <Filter>03Scene\05TestScene</Filter>
    </ClCompile>
    <ClCompile Include="Enemy.cpp">
      <Filter>03Scene\02MainGameScene\Enemy\EnemyBody</Filter>
    </ClCompile>
    <ClCompile Include="EnemyNormalBulletLeft.cpp">
      <Filter>03Scene\02MainGameScene\Enemy\EnemyBullet</Filter>
    </ClCompile>
    <ClCompile Include="EnemyNormalBulletRight.cpp">
      <Filter>03Scene\02MainGameScene\Enemy\EnemyBullet</Filter>
    </ClCompile>
    <ClCompile Include="HPbarGreen.cpp">
      <Filter>03Scene\02MainGameScene\Enemy\EnemyHPBar</Filter>
    </ClCompile>
    <ClCompile Include="HPbarRed.cpp">
      <Filter>03Scene\02MainGameScene\Enemy\EnemyHPBar</Filter>
    </ClCompile>
  </ItemGroup>
  <ItemGroup>
    <ClInclude Include="Engine\BoxCollider.h">
      <Filter>01Engine\Collider</Filter>
    </ClInclude>
    <ClInclude Include="Engine\Collider.h">
      <Filter>01Engine\Collider</Filter>
    </ClInclude>
    <ClInclude Include="Engine\SphereCollider.h">
      <Filter>01Engine\Collider</Filter>
    </ClInclude>
    <ClInclude Include="Engine\Direct3D.h">
      <Filter>01Engine\DirectX</Filter>
    </ClInclude>
    <ClInclude Include="Engine\Fbx.h">
      <Filter>01Engine\DirectX</Filter>
    </ClInclude>
    <ClInclude Include="Engine\FbxParts.h">
      <Filter>01Engine\DirectX</Filter>
    </ClInclude>
    <ClInclude Include="Engine\Input.h">
      <Filter>01Engine\DirectX</Filter>
    </ClInclude>
    <ClInclude Include="Engine\Sound.h">
      <Filter>01Engine\DirectX</Filter>
    </ClInclude>
    <ClInclude Include="Engine\Sprite.h">
      <Filter>01Engine\DirectX</Filter>
    </ClInclude>
    <ClInclude Include="Engine\Camera.h">
      <Filter>01Engine\GameObject</Filter>
    </ClInclude>
    <ClInclude Include="Engine\GameObject.h">
      <Filter>01Engine\GameObject</Filter>
    </ClInclude>
    <ClInclude Include="Engine\RootObject.h">
      <Filter>01Engine\GameObject</Filter>
    </ClInclude>
    <ClInclude Include="Engine\Audio.h">
      <Filter>01Engine\ResourceManager</Filter>
    </ClInclude>
    <ClInclude Include="Engine\CsvReader.h">
      <Filter>01Engine\ResourceManager</Filter>
    </ClInclude>
    <ClInclude Include="Engine\Image.h">
      <Filter>01Engine\ResourceManager</Filter>
    </ClInclude>
    <ClInclude Include="Engine\Model.h">
      <Filter>01Engine\ResourceManager</Filter>
    </ClInclude>
    <ClInclude Include="Engine\Global.h">
      <Filter>01Engine</Filter>
    </ClInclude>
    <ClInclude Include="Engine\SceneManager.h">
      <Filter>01Engine</Filter>
    </ClInclude>
    <ClInclude Include="Engine\Texture.h">
      <Filter>01Engine\DirectX</Filter>
    </ClInclude>
    <ClInclude Include="Engine\Transform.h">
      <Filter>01Engine\GameObject</Filter>
    </ClInclude>
    <ClInclude Include="Player.h">
      <Filter>03Scene\02MainGameScene\Player</Filter>
    </ClInclude>
    <ClInclude Include="PlayScene.h">
      <Filter>03Scene\02MainGameScene\Scene</Filter>
    </ClInclude>
    <ClInclude Include="PlBullet.h">
      <Filter>03Scene\02MainGameScene\Player</Filter>
    </ClInclude>
    <ClInclude Include="StartScene.h">
      <Filter>03Scene\01StartScene</Filter>
    </ClInclude>
    <ClInclude Include="ClearScene.h">
      <Filter>03Scene\03GameClearScene</Filter>
    </ClInclude>
    <ClInclude Include="GameOverScene.h">
      <Filter>03Scene\04GameOverScene</Filter>
    </ClInclude>
    <ClInclude Include="TestScene.h">
      <Filter>03Scene\05TestScene</Filter>
    </ClInclude>
    <ClInclude Include="Enemy.h">
      <Filter>03Scene\02MainGameScene\Enemy\EnemyBody</Filter>
    </ClInclude>
    <ClInclude Include="EnemyNormalBulletLeft.h">
      <Filter>03Scene\02MainGameScene\Enemy\EnemyBullet</Filter>
    </ClInclude>
    <ClInclude Include="EnemyNormalBulletRight.h">
      <Filter>03Scene\02MainGameScene\Enemy\EnemyBullet</Filter>
    </ClInclude>
    <ClInclude Include="HPbarGreen.h">
      <Filter>03Scene\02MainGameScene\Enemy\EnemyHPBar</Filter>
    </ClInclude>
    <ClInclude Include="HPbarRed.h">
      <Filter>03Scene\02MainGameScene\Enemy\EnemyHPBar</Filter>
    </ClInclude>
  </ItemGroup>
  <ItemGroup>
    <FxCompile Include="Assets\Shader\Simple2D.hlsl">
      <Filter>02Shader</Filter>
    </FxCompile>
    <FxCompile Include="Assets\Shader\Simple3D.hlsl">
      <Filter>02Shader</Filter>
    </FxCompile>
    <FxCompile Include="Assets\Shader\Debug3D.hlsl">
      <Filter>02Shader</Filter>
    </FxCompile>
  </ItemGroup>
</Project>